{
  "name": "vfr_metar_board",
  "version": "1.0.0",
  "lockfileVersion": 3,
  "requires": true,
  "packages": {
    "": {
      "name": "vfr_metar_board",
      "version": "1.0.0",
      "license": "ISC",
      "dependencies": {
        "chart.js": "^4.4.9",
        "highcharts": "^12.2.0"
      }
    },
    "node_modules/@kurkle/color": {
      "version": "0.3.4",
      "resolved": "https://registry.npmjs.org/@kurkle/color/-/color-0.3.4.tgz",
      "integrity": "sha512-M5UknZPHRu3DEDWoipU6sE8PdkZ6Z/S+v4dD+Ke8IaNlpdSQah50lz1KtcFBa2vsdOnwbbnxJwVM4wty6udA5w=="
    },
    "node_modules/chart.js": {
      "version": "4.4.9",
      "resolved": "https://registry.npmjs.org/chart.js/-/chart.js-4.4.9.tgz",
      "integrity": "sha512-EyZ9wWKgpAU0fLJ43YAEIF8sr5F2W3LqbS40ZJyHIner2lY14ufqv2VMp69MAiZ2rpwxEUxEhIH/0U3xyRynxg==",
      "dependencies": {
        "@kurkle/color": "^0.3.0"
      },
      "engines": {
        "pnpm": ">=8"
      }
    },
    "node_modules/highcharts": {
      "version": "12.2.0",
      "resolved": "https://registry.npmjs.org/highcharts/-/highcharts-12.2.0.tgz",
      "integrity": "sha512-UUN+osTP3aeGc4KmoMuWAjzpKif8GYHFozzYI4O8h1ILGof25M/ZGBpXLvgqf1z0LVh7N9eG7i0HnzMfjcR4nA=="
    }
  }
}
